
Microsoft Visual Studio Solution File, Format Version 12.00
# Visual Studio 15
VisualStudioVersion = 15.0.26124.0
MinimumVisualStudioVersion = 15.0.26124.0
Project("{F2A71F9B-5D33-465A-A702-920D77279786}") = "PoshCommander", "src\PoshCommander.fsproj", "{E50279F8-EBFC-4C89-BECA-EA98B2856E81}"
EndProject
Project("{F2A71F9B-5D33-465A-A702-920D77279786}") = "PoshCommander.Tests", "tests\PoshCommander.Tests.fsproj", "{9C193A2A-BC1A-4DB8-B5EF-B0027A80A16A}"
EndProject
Global
	GlobalSection(SolutionConfigurationPlatforms) = preSolution
		Debug|Any CPU = Debug|Any CPU
		Debug|x64 = Debug|x64
		Debug|x86 = Debug|x86
		Release|Any CPU = Release|Any CPU
		Release|x64 = Release|x64
		Release|x86 = Release|x86
	EndGlobalSection
	GlobalSection(SolutionProperties) = preSolution
		HideSolutionNode = FALSE
	EndGlobalSection
	GlobalSection(ProjectConfigurationPlatforms) = postSolution
		{E50279F8-EBFC-4C89-BECA-EA98B2856E81}.Debug|Any CPU.ActiveCfg = Debug|Any CPU
		{E50279F8-EBFC-4C89-BECA-EA98B2856E81}.Debug|Any CPU.Build.0 = Debug|Any CPU
		{E50279F8-EBFC-4C89-BECA-EA98B2856E81}.Debug|x64.ActiveCfg = Debug|Any CPU
		{E50279F8-EBFC-4C89-BECA-EA98B2856E81}.Debug|x64.Build.0 = Debug|Any CPU
		{E50279F8-EBFC-4C89-BECA-EA98B2856E81}.Debug|x86.ActiveCfg = Debug|Any CPU
		{E50279F8-EBFC-4C89-BECA-EA98B2856E81}.Debug|x86.Build.0 = Debug|Any CPU
		{E50279F8-EBFC-4C89-BECA-EA98B2856E81}.Release|Any CPU.ActiveCfg = Release|Any CPU
		{E50279F8-EBFC-4C89-BECA-EA98B2856E81}.Release|Any CPU.Build.0 = Release|Any CPU
		{E50279F8-EBFC-4C89-BECA-EA98B2856E81}.Release|x64.ActiveCfg = Release|Any CPU
		{E50279F8-EBFC-4C89-BECA-EA98B2856E81}.Release|x64.Build.0 = Release|Any CPU
		{E50279F8-EBFC-4C89-BECA-EA98B2856E81}.Release|x86.ActiveCfg = Release|Any CPU
		{E50279F8-EBFC-4C89-BECA-EA98B2856E81}.Release|x86.Build.0 = Release|Any CPU
		{9C193A2A-BC1A-4DB8-B5EF-B0027A80A16A}.Debug|Any CPU.ActiveCfg = Debug|Any CPU
		{9C193A2A-BC1A-4DB8-B5EF-B0027A80A16A}.Debug|Any CPU.Build.0 = Debug|Any CPU
		{9C193A2A-BC1A-4DB8-B5EF-B0027A80A16A}.Debug|x64.ActiveCfg = Debug|Any CPU
		{9C193A2A-BC1A-4DB8-B5EF-B0027A80A16A}.Debug|x64.Build.0 = Debug|Any CPU
		{9C193A2A-BC1A-4DB8-B5EF-B0027A80A16A}.Debug|x86.ActiveCfg = Debug|Any CPU
		{9C193A2A-BC1A-4DB8-B5EF-B0027A80A16A}.Debug|x86.Build.0 = Debug|Any CPU
		{9C193A2A-BC1A-4DB8-B5EF-B0027A80A16A}.Release|Any CPU.ActiveCfg = Release|Any CPU
		{9C193A2A-BC1A-4DB8-B5EF-B0027A80A16A}.Release|Any CPU.Build.0 = Release|Any CPU
		{9C193A2A-BC1A-4DB8-B5EF-B0027A80A16A}.Release|x64.ActiveCfg = Release|Any CPU
		{9C193A2A-BC1A-4DB8-B5EF-B0027A80A16A}.Release|x64.Build.0 = Release|Any CPU
		{9C193A2A-BC1A-4DB8-B5EF-B0027A80A16A}.Release|x86.ActiveCfg = Release|Any CPU
		{9C193A2A-BC1A-4DB8-B5EF-B0027A80A16A}.Release|x86.Build.0 = Release|Any CPU
	EndGlobalSection
EndGlobal
